{
  "lockfile_version": "1",
  "packages": {
    "libvirt@11.0.0": {
      "last_modified": "2025-06-17T01:11:27Z",
      "resolved": "github:NixOS/nixpkgs/c539ae8d21e49776966d714f82fba33b1fca78bc#libvirt",
      "source": "devbox-search",
      "version": "11.0.0",
      "systems": {
        "aarch64-darwin": {
          "outputs": [
            {
              "name": "out",
              "path": "/nix/store/wddcinfhxiwns9b7701q482c9xrvdzgl-libvirt-11.0.0",
              "default": true
            }
          ],
          "store_path": "/nix/store/wddcinfhxiwns9b7701q482c9xrvdzgl-libvirt-11.0.0"
        },
        "aarch64-linux": {
          "outputs": [
            {
              "name": "out",
              "path": "/nix/store/282x5590fsl5zrb1zzjvar0blbvlkrb7-libvirt-11.0.0",
              "default": true
            }
          ],
          "store_path": "/nix/store/282x5590fsl5zrb1zzjvar0blbvlkrb7-libvirt-11.0.0"
        },
        "x86_64-darwin": {
          "outputs": [
            {
              "name": "out",
              "path": "/nix/store/1m7kzfvms4a81bs9v9n0hac9isxz3qzf-libvirt-11.0.0",
              "default": true
            }
          ],
          "store_path": "/nix/store/1m7kzfvms4a81bs9v9n0hac9isxz3qzf-libvirt-11.0.0"
        },
        "x86_64-linux": {
          "outputs": [
            {
              "name": "out",
              "path": "/nix/store/nxw56mxksrl4258skw3dhmdrfmz1mzxd-libvirt-11.0.0",
              "default": true
            }
          ],
          "store_path": "/nix/store/nxw56mxksrl4258skw3dhmdrfmz1mzxd-libvirt-11.0.0"
        }
      }
    },
    "pipenv@2025.0.3": {
      "last_modified": "2025-06-05T08:10:37Z",
      "resolved": "github:NixOS/nixpkgs/ec62ae342c340d24289735e31eb9155261cd5fe7#pipenv",
      "source": "devbox-search",
      "version": "2025.0.3",
      "systems": {
        "aarch64-darwin": {
          "outputs": [
            {
              "name": "out",
              "path": "/nix/store/bav71xh9n3akx6adq9gyvq4l71n0d663-pipenv-2025.0.3",
              "default": true
            },
            {
              "name": "dist",
              "path": "/nix/store/zr5kijny7yxpl5fjygyi00adk6qxzhab-pipenv-2025.0.3-dist"
            }
          ],
          "store_path": "/nix/store/bav71xh9n3akx6adq9gyvq4l71n0d663-pipenv-2025.0.3"
        },
        "aarch64-linux": {
          "outputs": [
            {
              "name": "out",
              "path": "/nix/store/1pzd8260s3n0g42q5rzd2gbxjv0zsxmh-pipenv-2025.0.3",
              "default": true
            },
            {
              "name": "dist",
              "path": "/nix/store/1v59g2fzzncyyav1d2pvnf0pwg5ggzi2-pipenv-2025.0.3-dist"
            }
          ],
          "store_path": "/nix/store/1pzd8260s3n0g42q5rzd2gbxjv0zsxmh-pipenv-2025.0.3"
        },
        "x86_64-darwin": {
          "outputs": [
            {
              "name": "out",
              "path": "/nix/store/41pcvq90c6akdgrkbfsn6zy3n7fbsykd-pipenv-2025.0.3",
              "default": true
            },
            {
              "name": "dist",
              "path": "/nix/store/y802ghjbgvnx9b4nk29sr6sx6mabag2n-pipenv-2025.0.3-dist"
            }
          ],
          "store_path": "/nix/store/41pcvq90c6akdgrkbfsn6zy3n7fbsykd-pipenv-2025.0.3"
        },
        "x86_64-linux": {
          "outputs": [
            {
              "name": "out",
              "path": "/nix/store/4diw5nxmp7vshc3bs9lijkrv80a3vhqs-pipenv-2025.0.3",
              "default": true
            },
            {
              "name": "dist",
              "path": "/nix/store/3sxdz5p2v3k2n25s67jvjncly1c9g42k-pipenv-2025.0.3-dist"
            }
          ],
          "store_path": "/nix/store/4diw5nxmp7vshc3bs9lijkrv80a3vhqs-pipenv-2025.0.3"
        }
      }
    },
    "python-full@3.13.5": {
      "last_modified": "2025-07-13T22:45:35Z",
      "plugin_version": "0.0.4",
      "resolved": "github:NixOS/nixpkgs/a421ac6595024edcfbb1ef950a3712b89161c359#python313Full",
      "source": "devbox-search",
      "version": "3.13.5",
      "systems": {
        "aarch64-darwin": {
          "outputs": [
            {
              "name": "out",
              "path": "/nix/store/sy1q3lj8xyz7hpd8qf00cy93f1mi9rb8-python3-3.13.5",
              "default": true
            }
          ],
          "store_path": "/nix/store/sy1q3lj8xyz7hpd8qf00cy93f1mi9rb8-python3-3.13.5"
        },
        "aarch64-linux": {
          "outputs": [
            {
              "name": "out",
              "path": "/nix/store/59nbvj0bwcdq94391a33akln8jzm69jv-python3-3.13.5",
              "default": true
            },
            {
              "name": "debug",
              "path": "/nix/store/9wki17p4awgqfsql51wd85j2l1z7ndyl-python3-3.13.5-debug"
            }
          ],
          "store_path": "/nix/store/59nbvj0bwcdq94391a33akln8jzm69jv-python3-3.13.5"
        },
        "x86_64-darwin": {
          "outputs": [
            {
              "name": "out",
              "path": "/nix/store/6m256xm8x7lfq6wx25ga8kj7rzdq5jjb-python3-3.13.5",
              "default": true
            }
          ],
          "store_path": "/nix/store/6m256xm8x7lfq6wx25ga8kj7rzdq5jjb-python3-3.13.5"
        },
        "x86_64-linux": {
          "outputs": [
            {
              "name": "out",
              "path": "/nix/store/pc57njs97z2wzlgwn107af4b74zb2ynq-python3-3.13.5",
              "default": true
            },
            {
              "name": "debug",
              "path": "/nix/store/m16kkkiv9gagcqdfiinf77d2gfhxwclj-python3-3.13.5-debug"
            }
          ],
          "store_path": "/nix/store/pc57njs97z2wzlgwn107af4b74zb2ynq-python3-3.13.5"
        }
      }
    },
    "virt-manager@5.0.0": {
      "last_modified": "2025-06-17T01:11:27Z",
      "resolved": "github:NixOS/nixpkgs/c539ae8d21e49776966d714f82fba33b1fca78bc#virt-manager",
      "source": "devbox-search",
      "version": "5.0.0",
      "systems": {
        "aarch64-darwin": {
          "outputs": [
            {
              "name": "out",
              "path": "/nix/store/6nvid2gjmcfcc3nn41y4y97rj7pjrxcl-virt-manager-5.0.0",
              "default": true
            }
          ],
          "store_path": "/nix/store/6nvid2gjmcfcc3nn41y4y97rj7pjrxcl-virt-manager-5.0.0"
        },
        "aarch64-linux": {
          "outputs": [
            {
              "name": "out",
              "path": "/nix/store/xg3dx0hhli74qq8k68xp0ljyybw09xl6-virt-manager-5.0.0",
              "default": true
            }
          ],
          "store_path": "/nix/store/xg3dx0hhli74qq8k68xp0ljyybw09xl6-virt-manager-5.0.0"
        },
        "x86_64-darwin": {
          "outputs": [
            {
              "name": "out",
              "path": "/nix/store/m0l4s57jk7kc3b9dydj9791rbq6sabwj-virt-manager-5.0.0",
              "default": true
            }
          ],
          "store_path": "/nix/store/m0l4s57jk7kc3b9dydj9791rbq6sabwj-virt-manager-5.0.0"
        },
        "x86_64-linux": {
          "outputs": [
            {
              "name": "out",
              "path": "/nix/store/la0vsxxsbb1196a1lpzwyj846hz61gnp-virt-manager-5.0.0",
              "default": true
            }
          ],
          "store_path": "/nix/store/la0vsxxsbb1196a1lpzwyj846hz61gnp-virt-manager-5.0.0"
        }
      }
    }
  }
}
