{
  "lockfile_version": "1",
  "packages": {
    "github:NixOS/nixpkgs/nixpkgs-unstable": {
      "last_modified": "2025-09-16T13:27:06Z",
      "resolved": "github:NixOS/nixpkgs/08b8f92ac6354983f5382124fef6006cade4a1c1?lastModified=1758029226&narHash=sha256-TjqVmbpoCqWywY9xIZLTf6ANFvDCXdctCjoYuYPYdMI%3D"
    },
    "libvirt@11.5.0": {
      "last_modified": "2025-08-12T09:17:37Z",
      "resolved": "github:NixOS/nixpkgs/372d9eeeafa5b15913201e2b92e8e539ac7c64d1#libvirt",
      "source": "devbox-search",
      "version": "11.5.0",
      "systems": {
        "aarch64-darwin": {
          "outputs": [
            {
              "name": "out",
              "path": "/nix/store/k69ypyrc8ynnlvfjzch8lm5iywki6440-libvirt-11.5.0",
              "default": true
            }
          ],
          "store_path": "/nix/store/k69ypyrc8ynnlvfjzch8lm5iywki6440-libvirt-11.5.0"
        },
        "aarch64-linux": {
          "outputs": [
            {
              "name": "out",
              "path": "/nix/store/lgkfpwpb4axl22xxvsfam8zdffvpyg3x-libvirt-11.5.0",
              "default": true
            }
          ],
          "store_path": "/nix/store/lgkfpwpb4axl22xxvsfam8zdffvpyg3x-libvirt-11.5.0"
        },
        "x86_64-darwin": {
          "outputs": [
            {
              "name": "out",
              "path": "/nix/store/hp7kgyycfr7454z8qnqgzhibyd98lpkb-libvirt-11.5.0",
              "default": true
            }
          ],
          "store_path": "/nix/store/hp7kgyycfr7454z8qnqgzhibyd98lpkb-libvirt-11.5.0"
        },
        "x86_64-linux": {
          "outputs": [
            {
              "name": "out",
              "path": "/nix/store/xn84wlqws3q5pix4qfbv9r60ggacwhg2-libvirt-11.5.0",
              "default": true
            }
          ],
          "store_path": "/nix/store/xn84wlqws3q5pix4qfbv9r60ggacwhg2-libvirt-11.5.0"
        }
      }
    },
    "pipenv@2025.0.4": {
      "last_modified": "2025-08-04T20:54:38Z",
      "resolved": "github:NixOS/nixpkgs/cab778239e705082fe97bb4990e0d24c50924c04#pipenv",
      "source": "devbox-search",
      "version": "2025.0.4",
      "systems": {
        "aarch64-darwin": {
          "outputs": [
            {
              "name": "out",
              "path": "/nix/store/8wckw1jk2ra609v2acxifz238l4isray-pipenv-2025.0.4",
              "default": true
            },
            {
              "name": "dist",
              "path": "/nix/store/l2ydsgm7fafjb8p94mfxavqpaflbri52-pipenv-2025.0.4-dist"
            }
          ],
          "store_path": "/nix/store/8wckw1jk2ra609v2acxifz238l4isray-pipenv-2025.0.4"
        },
        "aarch64-linux": {
          "outputs": [
            {
              "name": "out",
              "path": "/nix/store/9xjbkv3cwfqgq6cf97nj87ncc6kj9nbx-pipenv-2025.0.4",
              "default": true
            },
            {
              "name": "dist",
              "path": "/nix/store/wsd5z7a18rkb2iqdz447fj1k5jlzyhyg-pipenv-2025.0.4-dist"
            }
          ],
          "store_path": "/nix/store/9xjbkv3cwfqgq6cf97nj87ncc6kj9nbx-pipenv-2025.0.4"
        },
        "x86_64-darwin": {
          "outputs": [
            {
              "name": "out",
              "path": "/nix/store/cxfnmgkdc0nx88ffdw4ayz02yawwf0z1-pipenv-2025.0.4",
              "default": true
            },
            {
              "name": "dist",
              "path": "/nix/store/fq41gmsabzsfhhnl5bx7rj1k3vf9sxx1-pipenv-2025.0.4-dist"
            }
          ],
          "store_path": "/nix/store/cxfnmgkdc0nx88ffdw4ayz02yawwf0z1-pipenv-2025.0.4"
        },
        "x86_64-linux": {
          "outputs": [
            {
              "name": "out",
              "path": "/nix/store/fkhhh5i1r5m6q8wbdny10lf2wkz4qa77-pipenv-2025.0.4",
              "default": true
            },
            {
              "name": "dist",
              "path": "/nix/store/7x6aqkv64vq8zlpbk12zsvmi6lhf4f8d-pipenv-2025.0.4-dist"
            }
          ],
          "store_path": "/nix/store/fkhhh5i1r5m6q8wbdny10lf2wkz4qa77-pipenv-2025.0.4"
        }
      }
    },
    "python-full@3.13.5": {
      "last_modified": "2025-07-28T17:09:23Z",
      "plugin_version": "0.0.4",
      "resolved": "github:NixOS/nixpkgs/648f70160c03151bc2121d179291337ad6bc564b#python313Full",
      "source": "devbox-search",
      "version": "3.13.5",
      "systems": {
        "aarch64-darwin": {
          "outputs": [
            {
              "name": "out",
              "path": "/nix/store/fdgqvcsdlqjgzww2p17sy91vvx73cl7j-python3-3.13.5",
              "default": true
            }
          ],
          "store_path": "/nix/store/fdgqvcsdlqjgzww2p17sy91vvx73cl7j-python3-3.13.5"
        },
        "aarch64-linux": {
          "outputs": [
            {
              "name": "out",
              "path": "/nix/store/imjii7yg48sisx3bz5va5cminczbq6r6-python3-3.13.5",
              "default": true
            },
            {
              "name": "debug",
              "path": "/nix/store/j9bqd7hismpyqsd48sd9r824fs8wxld1-python3-3.13.5-debug"
            }
          ],
          "store_path": "/nix/store/imjii7yg48sisx3bz5va5cminczbq6r6-python3-3.13.5"
        },
        "x86_64-darwin": {
          "outputs": [
            {
              "name": "out",
              "path": "/nix/store/cm73ahxfy47vyxhj6ighqs0p64l31lyh-python3-3.13.5",
              "default": true
            }
          ],
          "store_path": "/nix/store/cm73ahxfy47vyxhj6ighqs0p64l31lyh-python3-3.13.5"
        },
        "x86_64-linux": {
          "outputs": [
            {
              "name": "out",
              "path": "/nix/store/kl67434pm6yih34v0bz2ss0f5kzin00i-python3-3.13.5",
              "default": true
            },
            {
              "name": "debug",
              "path": "/nix/store/lxka855zb94nlg4ir5y9pi32yqlbzlkv-python3-3.13.5-debug"
            }
          ],
          "store_path": "/nix/store/kl67434pm6yih34v0bz2ss0f5kzin00i-python3-3.13.5"
        }
      }
    },
    "virt-manager@5.0.0": {
      "last_modified": "2025-08-12T09:17:37Z",
      "resolved": "github:NixOS/nixpkgs/372d9eeeafa5b15913201e2b92e8e539ac7c64d1#virt-manager",
      "source": "devbox-search",
      "version": "5.0.0",
      "systems": {
        "aarch64-darwin": {
          "outputs": [
            {
              "name": "out",
              "path": "/nix/store/y59rs808spvvp25sph1r7mg6n6ifrsi4-virt-manager-5.0.0",
              "default": true
            }
          ],
          "store_path": "/nix/store/y59rs808spvvp25sph1r7mg6n6ifrsi4-virt-manager-5.0.0"
        },
        "aarch64-linux": {
          "outputs": [
            {
              "name": "out",
              "path": "/nix/store/2ap3bqy7mi3qk0kxc2y45hc655qx742m-virt-manager-5.0.0",
              "default": true
            }
          ],
          "store_path": "/nix/store/2ap3bqy7mi3qk0kxc2y45hc655qx742m-virt-manager-5.0.0"
        },
        "x86_64-darwin": {
          "outputs": [
            {
              "name": "out",
              "path": "/nix/store/q89yz3fm1j12lvqpzycljvzric8vdf0l-virt-manager-5.0.0",
              "default": true
            }
          ],
          "store_path": "/nix/store/q89yz3fm1j12lvqpzycljvzric8vdf0l-virt-manager-5.0.0"
        },
        "x86_64-linux": {
          "outputs": [
            {
              "name": "out",
              "path": "/nix/store/ff1pf825ygcfjxipdcgcjaiip08qfxc5-virt-manager-5.0.0",
              "default": true
            }
          ],
          "store_path": "/nix/store/ff1pf825ygcfjxipdcgcjaiip08qfxc5-virt-manager-5.0.0"
        }
      }
    }
  }
}
