{
  "lockfile_version": "1",
  "packages": {
    "libvirt@9.0.0": {
      "last_modified": "2023-03-03T04:15:01Z",
      "resolved": "github:NixOS/nixpkgs/0749042bfaa2f4efa70ac829c5387133cfc0a337#libvirt",
      "source": "devbox-search",
      "version": "9.0.0",
      "systems": {
        "aarch64-darwin": {
          "outputs": [
            {
              "name": "out",
              "path": "/nix/store/r37idl75ybw9p55q6scvha0hp59d27dw-libvirt-9.0.0",
              "default": true
            }
          ],
          "store_path": "/nix/store/r37idl75ybw9p55q6scvha0hp59d27dw-libvirt-9.0.0"
        },
        "aarch64-linux": {
          "outputs": [
            {
              "name": "out",
              "path": "/nix/store/0i1q6mv4b68679gif6xgn24xk28m74cp-libvirt-9.0.0",
              "default": true
            }
          ],
          "store_path": "/nix/store/0i1q6mv4b68679gif6xgn24xk28m74cp-libvirt-9.0.0"
        },
        "x86_64-darwin": {
          "outputs": [
            {
              "name": "out",
              "path": "/nix/store/v6bgv3znfa06adg7hy7vaq2da187fs82-libvirt-9.0.0",
              "default": true
            }
          ],
          "store_path": "/nix/store/v6bgv3znfa06adg7hy7vaq2da187fs82-libvirt-9.0.0"
        },
        "x86_64-linux": {
          "outputs": [
            {
              "name": "out",
              "path": "/nix/store/ddk52wfciiv5zd4pvi876j9k60igk755-libvirt-9.0.0",
              "default": true
            }
          ],
          "store_path": "/nix/store/ddk52wfciiv5zd4pvi876j9k60igk755-libvirt-9.0.0"
        }
      }
    },
    "pipenv@2024.4.1": {
      "last_modified": "2025-05-06T08:06:31Z",
      "resolved": "github:NixOS/nixpkgs/1cb1c02a6b1b7cf67e3d7731cbbf327a53da9679#pipenv",
      "source": "devbox-search",
      "version": "2024.4.1",
      "systems": {
        "aarch64-darwin": {
          "outputs": [
            {
              "name": "out",
              "path": "/nix/store/rcfls1d13gmr68yry6mbm7j0iqbddmb8-pipenv-2024.4.1",
              "default": true
            },
            {
              "name": "dist",
              "path": "/nix/store/85g64shnik5y08camdshzc14w2gd36l6-pipenv-2024.4.1-dist"
            }
          ],
          "store_path": "/nix/store/rcfls1d13gmr68yry6mbm7j0iqbddmb8-pipenv-2024.4.1"
        },
        "aarch64-linux": {
          "outputs": [
            {
              "name": "out",
              "path": "/nix/store/slzacrichnbgph9g7panbf8ykkm334ff-pipenv-2024.4.1",
              "default": true
            },
            {
              "name": "dist",
              "path": "/nix/store/ciyjc10bi5viir7w16wmki9a6qkvkk17-pipenv-2024.4.1-dist"
            }
          ],
          "store_path": "/nix/store/slzacrichnbgph9g7panbf8ykkm334ff-pipenv-2024.4.1"
        },
        "x86_64-darwin": {
          "outputs": [
            {
              "name": "out",
              "path": "/nix/store/sxl8xgb419pyaaam581v0y301i8fyiks-pipenv-2024.4.1",
              "default": true
            },
            {
              "name": "dist",
              "path": "/nix/store/gv7bdfdxirh98f2rm51lcybfqb17x87b-pipenv-2024.4.1-dist"
            }
          ],
          "store_path": "/nix/store/sxl8xgb419pyaaam581v0y301i8fyiks-pipenv-2024.4.1"
        },
        "x86_64-linux": {
          "outputs": [
            {
              "name": "out",
              "path": "/nix/store/sprrzcv687xqxfpy80nd53q50vd6dhaq-pipenv-2024.4.1",
              "default": true
            },
            {
              "name": "dist",
              "path": "/nix/store/l5mmhz0y9jbccr0j2ci04fzd1rcpf6ib-pipenv-2024.4.1-dist"
            }
          ],
          "store_path": "/nix/store/sprrzcv687xqxfpy80nd53q50vd6dhaq-pipenv-2024.4.1"
        }
      }
    },
    "python-full@3.11.10": {
      "last_modified": "2024-11-16T04:25:12Z",
      "plugin_version": "0.0.4",
      "resolved": "github:NixOS/nixpkgs/34a626458d686f1b58139620a8b2793e9e123bba#python311Full",
      "source": "devbox-search",
      "version": "3.11.10",
      "systems": {
        "aarch64-darwin": {
          "outputs": [
            {
              "name": "out",
              "path": "/nix/store/mnw30as79wfwhmb4w48p9dzywk1yki6v-python3-3.11.10",
              "default": true
            }
          ],
          "store_path": "/nix/store/mnw30as79wfwhmb4w48p9dzywk1yki6v-python3-3.11.10"
        },
        "aarch64-linux": {
          "outputs": [
            {
              "name": "out",
              "path": "/nix/store/a3q3qa76n1mqwp7yzcvcxhp8768a9150-python3-3.11.10",
              "default": true
            },
            {
              "name": "debug",
              "path": "/nix/store/9wy3xyvbr610km9aqgz0z4j670chd0ln-python3-3.11.10-debug"
            }
          ],
          "store_path": "/nix/store/a3q3qa76n1mqwp7yzcvcxhp8768a9150-python3-3.11.10"
        },
        "x86_64-darwin": {
          "outputs": [
            {
              "name": "out",
              "path": "/nix/store/g6inb7w1lslwzrkwyjh2gsh97052vsi2-python3-3.11.10",
              "default": true
            }
          ],
          "store_path": "/nix/store/g6inb7w1lslwzrkwyjh2gsh97052vsi2-python3-3.11.10"
        },
        "x86_64-linux": {
          "outputs": [
            {
              "name": "out",
              "path": "/nix/store/a2c5azpwm9qbmfg9vv9x3yrgbxncixc6-python3-3.11.10",
              "default": true
            },
            {
              "name": "debug",
              "path": "/nix/store/wq3gs4ibbvz2v90yxx4dbbi0mw1mifbm-python3-3.11.10-debug"
            }
          ],
          "store_path": "/nix/store/a2c5azpwm9qbmfg9vv9x3yrgbxncixc6-python3-3.11.10"
        }
      }
    },
    "virt-manager@4.1.0": {
      "last_modified": "2024-11-16T04:25:12Z",
      "resolved": "github:NixOS/nixpkgs/34a626458d686f1b58139620a8b2793e9e123bba#virt-manager",
      "source": "devbox-search",
      "version": "4.1.0",
      "systems": {
        "aarch64-darwin": {
          "outputs": [
            {
              "name": "out",
              "path": "/nix/store/bq7s4gb2yjnv4af3vd0sh4cnycgmw7a5-virt-manager-4.1.0",
              "default": true
            },
            {
              "name": "dist",
              "path": "/nix/store/daaglh73xf2maxgy5x3972x9kmdv8syb-virt-manager-4.1.0-dist"
            }
          ],
          "store_path": "/nix/store/bq7s4gb2yjnv4af3vd0sh4cnycgmw7a5-virt-manager-4.1.0"
        },
        "aarch64-linux": {
          "outputs": [
            {
              "name": "out",
              "path": "/nix/store/bpbkxnd6gzkd4l69pg7rwl5f3rz5j1f9-virt-manager-4.1.0",
              "default": true
            },
            {
              "name": "dist",
              "path": "/nix/store/8jxh79kkm091gkwyrx7dqhdnw2j3k8nj-virt-manager-4.1.0-dist"
            }
          ],
          "store_path": "/nix/store/bpbkxnd6gzkd4l69pg7rwl5f3rz5j1f9-virt-manager-4.1.0"
        },
        "x86_64-darwin": {
          "outputs": [
            {
              "name": "out",
              "path": "/nix/store/qd1kwasg8q7y2p574s57bwh0mqcm1wng-virt-manager-4.1.0",
              "default": true
            },
            {
              "name": "dist",
              "path": "/nix/store/5mlvdx3q7l65xzhx7qynhzpkvjl0x3c5-virt-manager-4.1.0-dist"
            }
          ],
          "store_path": "/nix/store/qd1kwasg8q7y2p574s57bwh0mqcm1wng-virt-manager-4.1.0"
        },
        "x86_64-linux": {
          "outputs": [
            {
              "name": "out",
              "path": "/nix/store/6df7l0303snkyx4306aasgzk8cp1zhsr-virt-manager-4.1.0",
              "default": true
            },
            {
              "name": "dist",
              "path": "/nix/store/vgpgr0pl9z4767a4m0xx8vmjx1f48bvr-virt-manager-4.1.0-dist"
            }
          ],
          "store_path": "/nix/store/6df7l0303snkyx4306aasgzk8cp1zhsr-virt-manager-4.1.0"
        }
      }
    }
  }
}
